
Microsoft Visual Studio Solution File, Format Version 12.00
# Visual Studio Version 16
VisualStudioVersion = 16.0.30804.86
MinimumVisualStudioVersion = 10.0.40219.1
Project("{FAE04EC0-301F-11D3-BF4B-00C04F79EFBC}") = "Ecommerce_Web_App", "Ecommerce_Web_App\Ecommerce_Web_App.csproj", "{9B0C5A24-2162-414F-A3D2-88C2BE65FEEE}"
EndProject
Global
	GlobalSection(SolutionConfigurationPlatforms) = preSolution
		Debug|Any CPU = Debug|Any CPU
		Release|Any CPU = Release|Any CPU
	EndGlobalSection
	GlobalSection(ProjectConfigurationPlatforms) = postSolution
		{9B0C5A24-2162-414F-A3D2-88C2BE65FEEE}.Debug|Any CPU.ActiveCfg = Debug|Any CPU
		{9B0C5A24-2162-414F-A3D2-88C2BE65FEEE}.Debug|Any CPU.Build.0 = Debug|Any CPU
		{9B0C5A24-2162-414F-A3D2-88C2BE65FEEE}.Release|Any CPU.ActiveCfg = Release|Any CPU
		{9B0C5A24-2162-414F-A3D2-88C2BE65FEEE}.Release|Any CPU.Build.0 = Release|Any CPU
	EndGlobalSection
	GlobalSection(SolutionProperties) = preSolution
		HideSolutionNode = FALSE
	EndGlobalSection
	GlobalSection(ExtensibilityGlobals) = postSolution
		SolutionGuid = {A2DE22E2-CA18-4F65-AEF1-43982A6AA858}
	EndGlobalSection
EndGlobal
